
Microsoft Visual Studio Solution File, Format Version 12.00
# Visual Studio Version 17
VisualStudioVersion = 17.13.35931.197
MinimumVisualStudioVersion = 10.0.40219.1
Project("{FAE04EC0-301F-11D3-BF4B-00C04F79EFBC}") = "BookingLike", "BookingLike\BookingLike.csproj", "{4FA65F67-9145-48E0-A1D3-5EEF43F55432}"
EndProject
Global
	GlobalSection(SolutionConfigurationPlatforms) = preSolution
		Debug|Any CPU = Debug|Any CPU
		Release|Any CPU = Release|Any CPU
	EndGlobalSection
	GlobalSection(ProjectConfigurationPlatforms) = postSolution
		{4FA65F67-9145-48E0-A1D3-5EEF43F55432}.Debug|Any CPU.ActiveCfg = Debug|Any CPU
		{4FA65F67-9145-48E0-A1D3-5EEF43F55432}.Debug|Any CPU.Build.0 = Debug|Any CPU
		{4FA65F67-9145-48E0-A1D3-5EEF43F55432}.Release|Any CPU.ActiveCfg = Release|Any CPU
		{4FA65F67-9145-48E0-A1D3-5EEF43F55432}.Release|Any CPU.Build.0 = Release|Any CPU
	EndGlobalSection
	GlobalSection(SolutionProperties) = preSolution
		HideSolutionNode = FALSE
	EndGlobalSection
	GlobalSection(ExtensibilityGlobals) = postSolution
		SolutionGuid = {680AFA76-890D-45F7-89EA-BFA1D4E92EE4}
	EndGlobalSection
EndGlobal
